
Microsoft Visual Studio Solution File, Format Version 12.00
# Visual Studio 15
VisualStudioVersion = 15.0.26228.48
MinimumVisualStudioVersion = 10.0.40219.1
Project("{FAE04EC0-301F-11D3-BF4B-00C04F79EFBC}") = "StylistShop.Core", "StylistShop.Core\StylistShop.Core.csproj", "{6E825D72-1710-4881-BAB7-9E6D4C861023}"
EndProject
Project("{FAE04EC0-301F-11D3-BF4B-00C04F79EFBC}") = "StylistShop.Services", "StylistShop.Services\StylistShop.Services.csproj", "{4DB4254C-E52C-49B4-ABC0-479CAC5A3452}"
EndProject
Project("{FAE04EC0-301F-11D3-BF4B-00C04F79EFBC}") = "StylistShop.DataAccess.SQL", "StylistShop.DataAccess.SQL\StylistShop.DataAccess.SQL.csproj", "{08FF193B-826A-4317-9129-85E499402E81}"
EndProject
Project("{FAE04EC0-301F-11D3-BF4B-00C04F79EFBC}") = "StylistShop.DataAccess.InMemory", "StylistShop.DataAccess.InMemory\StylistShop.DataAccess.InMemory.csproj", "{D5B36CA1-4F61-4836-85DC-7355A834B5D6}"
EndProject
Project("{FAE04EC0-301F-11D3-BF4B-00C04F79EFBC}") = "StylistShop.WebUI", "StylistShop.WebUI\StylistShop.WebUI.csproj", "{B62D8672-59AE-440C-AF60-DEBC94342D9A}"
EndProject
Project("{FAE04EC0-301F-11D3-BF4B-00C04F79EFBC}") = "StylistShop.WebUI.Tests", "StylistShop.WebUI.Tests\StylistShop.WebUI.Tests.csproj", "{D46CF36C-B354-4344-8FCE-0EE0695AC473}"
EndProject
Global
	GlobalSection(SolutionConfigurationPlatforms) = preSolution
		Debug|Any CPU = Debug|Any CPU
		Release|Any CPU = Release|Any CPU
	EndGlobalSection
	GlobalSection(ProjectConfigurationPlatforms) = postSolution
		{6E825D72-1710-4881-BAB7-9E6D4C861023}.Debug|Any CPU.ActiveCfg = Debug|Any CPU
		{6E825D72-1710-4881-BAB7-9E6D4C861023}.Debug|Any CPU.Build.0 = Debug|Any CPU
		{6E825D72-1710-4881-BAB7-9E6D4C861023}.Release|Any CPU.ActiveCfg = Release|Any CPU
		{6E825D72-1710-4881-BAB7-9E6D4C861023}.Release|Any CPU.Build.0 = Release|Any CPU
		{4DB4254C-E52C-49B4-ABC0-479CAC5A3452}.Debug|Any CPU.ActiveCfg = Debug|Any CPU
		{4DB4254C-E52C-49B4-ABC0-479CAC5A3452}.Debug|Any CPU.Build.0 = Debug|Any CPU
		{4DB4254C-E52C-49B4-ABC0-479CAC5A3452}.Release|Any CPU.ActiveCfg = Release|Any CPU
		{4DB4254C-E52C-49B4-ABC0-479CAC5A3452}.Release|Any CPU.Build.0 = Release|Any CPU
		{08FF193B-826A-4317-9129-85E499402E81}.Debug|Any CPU.ActiveCfg = Debug|Any CPU
		{08FF193B-826A-4317-9129-85E499402E81}.Debug|Any CPU.Build.0 = Debug|Any CPU
		{08FF193B-826A-4317-9129-85E499402E81}.Release|Any CPU.ActiveCfg = Release|Any CPU
		{08FF193B-826A-4317-9129-85E499402E81}.Release|Any CPU.Build.0 = Release|Any CPU
		{D5B36CA1-4F61-4836-85DC-7355A834B5D6}.Debug|Any CPU.ActiveCfg = Debug|Any CPU
		{D5B36CA1-4F61-4836-85DC-7355A834B5D6}.Debug|Any CPU.Build.0 = Debug|Any CPU
		{D5B36CA1-4F61-4836-85DC-7355A834B5D6}.Release|Any CPU.ActiveCfg = Release|Any CPU
		{D5B36CA1-4F61-4836-85DC-7355A834B5D6}.Release|Any CPU.Build.0 = Release|Any CPU
		{B62D8672-59AE-440C-AF60-DEBC94342D9A}.Debug|Any CPU.ActiveCfg = Debug|Any CPU
		{B62D8672-59AE-440C-AF60-DEBC94342D9A}.Debug|Any CPU.Build.0 = Debug|Any CPU
		{B62D8672-59AE-440C-AF60-DEBC94342D9A}.Release|Any CPU.ActiveCfg = Release|Any CPU
		{B62D8672-59AE-440C-AF60-DEBC94342D9A}.Release|Any CPU.Build.0 = Release|Any CPU
		{D46CF36C-B354-4344-8FCE-0EE0695AC473}.Debug|Any CPU.ActiveCfg = Debug|Any CPU
		{D46CF36C-B354-4344-8FCE-0EE0695AC473}.Debug|Any CPU.Build.0 = Debug|Any CPU
		{D46CF36C-B354-4344-8FCE-0EE0695AC473}.Release|Any CPU.ActiveCfg = Release|Any CPU
		{D46CF36C-B354-4344-8FCE-0EE0695AC473}.Release|Any CPU.Build.0 = Release|Any CPU
	EndGlobalSection
	GlobalSection(SolutionProperties) = preSolution
		HideSolutionNode = FALSE
	EndGlobalSection
EndGlobal
